
Microsoft Visual Studio Solution File, Format Version 12.00
Project("{2150E333-8FDC-42A3-9474-1A3956D46DE8}") = "services", "services", "{99CD65F8-A060-4E0A-AE33-34B3A7A29842}"
EndProject
Project("{2150E333-8FDC-42A3-9474-1A3956D46DE8}") = "infrastructure", "infrastructure", "{00DB3613-426A-43E4-9A39-DCF4B7CD47ED}"
EndProject
Project("{2150E333-8FDC-42A3-9474-1A3956D46DE8}") = "catalog ", "catalog ", "{27DA17C7-3B35-4A63-A0BF-35998823C5C6}"
EndProject
Project("{FAE04EC0-301F-11D3-BF4B-00C04F79EFBC}") = "Catalog.API", "Catalog.API\Catalog.API.csproj", "{32E2D437-1AEC-43A3-A9FD-F25D7803135D}"
EndProject
Project("{FAE04EC0-301F-11D3-BF4B-00C04F79EFBC}") = "Catalog.Application", "Catalog.Application\Catalog.Application.csproj", "{6FBAE37D-179D-48E4-8D1B-8569F63CB896}"
EndProject
Project("{FAE04EC0-301F-11D3-BF4B-00C04F79EFBC}") = "Catalog.Domain", "Catalog.Domain\Catalog.Domain.csproj", "{C20BA03A-D5E7-4E7B-B90C-671274F83B88}"
EndProject
Project("{FAE04EC0-301F-11D3-BF4B-00C04F79EFBC}") = "Catalog.Infrastructure", "Catalog.Infrastructure\Catalog.Infrastructure.csproj", "{CE0173C9-BB0A-4438-BBC8-FE753F0FF60F}"
EndProject
Project("{2150E333-8FDC-42A3-9474-1A3956D46DE8}") = "Solution Items", "Solution Items", "{92F876ED-BBF9-41CB-AB13-D71C2C134109}"
	ProjectSection(SolutionItems) = preProject
		docker-compose.yml = docker-compose.yml
	EndProjectSection
EndProject
Project("{2150E333-8FDC-42A3-9474-1A3956D46DE8}") = "basket", "basket", "{E801EA7E-F22B-472C-8819-F467B071AD1B}"
EndProject
Project("{FAE04EC0-301F-11D3-BF4B-00C04F79EFBC}") = "Basket.Domain", "Basket.Domain\Basket.Domain.csproj", "{775C8988-413E-4F63-98E6-E696DF21931F}"
EndProject
Project("{FAE04EC0-301F-11D3-BF4B-00C04F79EFBC}") = "Basket.Application", "Basket.Application\Basket.Application.csproj", "{1981DC66-BE42-4436-8D3A-ABEA3D6F07F1}"
EndProject
Project("{FAE04EC0-301F-11D3-BF4B-00C04F79EFBC}") = "Basket.Infrastructure", "Basket.Infrastructure\Basket.Infrastructure.csproj", "{E0C2142B-1D08-4920-8A4E-5EA665D34132}"
EndProject
Project("{FAE04EC0-301F-11D3-BF4B-00C04F79EFBC}") = "Basket.API", "Basket.API\Basket.API.csproj", "{1AFE337B-C666-47C7-96AE-97636EF3BBE7}"
EndProject
Project("{2150E333-8FDC-42A3-9474-1A3956D46DE8}") = "discount", "discount", "{A089ED94-26FF-4E59-A3BC-DFE73972F91A}"
EndProject
Project("{FAE04EC0-301F-11D3-BF4B-00C04F79EFBC}") = "Discount.GRPC", "Discount.GRPC\Discount.GRPC.csproj", "{78A0AE29-91E1-43F6-BF84-B500DB053E53}"
EndProject
Global
	GlobalSection(SolutionConfigurationPlatforms) = preSolution
		Debug|Any CPU = Debug|Any CPU
		Release|Any CPU = Release|Any CPU
	EndGlobalSection
	GlobalSection(NestedProjects) = preSolution
		{27DA17C7-3B35-4A63-A0BF-35998823C5C6} = {99CD65F8-A060-4E0A-AE33-34B3A7A29842}
		{32E2D437-1AEC-43A3-A9FD-F25D7803135D} = {27DA17C7-3B35-4A63-A0BF-35998823C5C6}
		{6FBAE37D-179D-48E4-8D1B-8569F63CB896} = {27DA17C7-3B35-4A63-A0BF-35998823C5C6}
		{C20BA03A-D5E7-4E7B-B90C-671274F83B88} = {27DA17C7-3B35-4A63-A0BF-35998823C5C6}
		{CE0173C9-BB0A-4438-BBC8-FE753F0FF60F} = {27DA17C7-3B35-4A63-A0BF-35998823C5C6}
		{E801EA7E-F22B-472C-8819-F467B071AD1B} = {99CD65F8-A060-4E0A-AE33-34B3A7A29842}
		{775C8988-413E-4F63-98E6-E696DF21931F} = {E801EA7E-F22B-472C-8819-F467B071AD1B}
		{1981DC66-BE42-4436-8D3A-ABEA3D6F07F1} = {E801EA7E-F22B-472C-8819-F467B071AD1B}
		{E0C2142B-1D08-4920-8A4E-5EA665D34132} = {E801EA7E-F22B-472C-8819-F467B071AD1B}
		{1AFE337B-C666-47C7-96AE-97636EF3BBE7} = {E801EA7E-F22B-472C-8819-F467B071AD1B}
		{A089ED94-26FF-4E59-A3BC-DFE73972F91A} = {99CD65F8-A060-4E0A-AE33-34B3A7A29842}
		{78A0AE29-91E1-43F6-BF84-B500DB053E53} = {A089ED94-26FF-4E59-A3BC-DFE73972F91A}
	EndGlobalSection
	GlobalSection(ProjectConfigurationPlatforms) = postSolution
		{32E2D437-1AEC-43A3-A9FD-F25D7803135D}.Debug|Any CPU.ActiveCfg = Debug|Any CPU
		{32E2D437-1AEC-43A3-A9FD-F25D7803135D}.Debug|Any CPU.Build.0 = Debug|Any CPU
		{32E2D437-1AEC-43A3-A9FD-F25D7803135D}.Release|Any CPU.ActiveCfg = Release|Any CPU
		{32E2D437-1AEC-43A3-A9FD-F25D7803135D}.Release|Any CPU.Build.0 = Release|Any CPU
		{6FBAE37D-179D-48E4-8D1B-8569F63CB896}.Debug|Any CPU.ActiveCfg = Debug|Any CPU
		{6FBAE37D-179D-48E4-8D1B-8569F63CB896}.Debug|Any CPU.Build.0 = Debug|Any CPU
		{6FBAE37D-179D-48E4-8D1B-8569F63CB896}.Release|Any CPU.ActiveCfg = Release|Any CPU
		{6FBAE37D-179D-48E4-8D1B-8569F63CB896}.Release|Any CPU.Build.0 = Release|Any CPU
		{C20BA03A-D5E7-4E7B-B90C-671274F83B88}.Debug|Any CPU.ActiveCfg = Debug|Any CPU
		{C20BA03A-D5E7-4E7B-B90C-671274F83B88}.Debug|Any CPU.Build.0 = Debug|Any CPU
		{C20BA03A-D5E7-4E7B-B90C-671274F83B88}.Release|Any CPU.ActiveCfg = Release|Any CPU
		{C20BA03A-D5E7-4E7B-B90C-671274F83B88}.Release|Any CPU.Build.0 = Release|Any CPU
		{CE0173C9-BB0A-4438-BBC8-FE753F0FF60F}.Debug|Any CPU.ActiveCfg = Debug|Any CPU
		{CE0173C9-BB0A-4438-BBC8-FE753F0FF60F}.Debug|Any CPU.Build.0 = Debug|Any CPU
		{CE0173C9-BB0A-4438-BBC8-FE753F0FF60F}.Release|Any CPU.ActiveCfg = Release|Any CPU
		{CE0173C9-BB0A-4438-BBC8-FE753F0FF60F}.Release|Any CPU.Build.0 = Release|Any CPU
		{775C8988-413E-4F63-98E6-E696DF21931F}.Debug|Any CPU.ActiveCfg = Debug|Any CPU
		{775C8988-413E-4F63-98E6-E696DF21931F}.Debug|Any CPU.Build.0 = Debug|Any CPU
		{775C8988-413E-4F63-98E6-E696DF21931F}.Release|Any CPU.ActiveCfg = Release|Any CPU
		{775C8988-413E-4F63-98E6-E696DF21931F}.Release|Any CPU.Build.0 = Release|Any CPU
		{1981DC66-BE42-4436-8D3A-ABEA3D6F07F1}.Debug|Any CPU.ActiveCfg = Debug|Any CPU
		{1981DC66-BE42-4436-8D3A-ABEA3D6F07F1}.Debug|Any CPU.Build.0 = Debug|Any CPU
		{1981DC66-BE42-4436-8D3A-ABEA3D6F07F1}.Release|Any CPU.ActiveCfg = Release|Any CPU
		{1981DC66-BE42-4436-8D3A-ABEA3D6F07F1}.Release|Any CPU.Build.0 = Release|Any CPU
		{E0C2142B-1D08-4920-8A4E-5EA665D34132}.Debug|Any CPU.ActiveCfg = Debug|Any CPU
		{E0C2142B-1D08-4920-8A4E-5EA665D34132}.Debug|Any CPU.Build.0 = Debug|Any CPU
		{E0C2142B-1D08-4920-8A4E-5EA665D34132}.Release|Any CPU.ActiveCfg = Release|Any CPU
		{E0C2142B-1D08-4920-8A4E-5EA665D34132}.Release|Any CPU.Build.0 = Release|Any CPU
		{1AFE337B-C666-47C7-96AE-97636EF3BBE7}.Debug|Any CPU.ActiveCfg = Debug|Any CPU
		{1AFE337B-C666-47C7-96AE-97636EF3BBE7}.Debug|Any CPU.Build.0 = Debug|Any CPU
		{1AFE337B-C666-47C7-96AE-97636EF3BBE7}.Release|Any CPU.ActiveCfg = Release|Any CPU
		{1AFE337B-C666-47C7-96AE-97636EF3BBE7}.Release|Any CPU.Build.0 = Release|Any CPU
		{78A0AE29-91E1-43F6-BF84-B500DB053E53}.Debug|Any CPU.ActiveCfg = Debug|Any CPU
		{78A0AE29-91E1-43F6-BF84-B500DB053E53}.Debug|Any CPU.Build.0 = Debug|Any CPU
		{78A0AE29-91E1-43F6-BF84-B500DB053E53}.Release|Any CPU.ActiveCfg = Release|Any CPU
		{78A0AE29-91E1-43F6-BF84-B500DB053E53}.Release|Any CPU.Build.0 = Release|Any CPU
	EndGlobalSection
EndGlobal
