
Microsoft Visual Studio Solution File, Format Version 12.00
Project("{2150E333-8FDC-42A3-9474-1A3956D46DE8}") = "services", "services", "{99CD65F8-A060-4E0A-AE33-34B3A7A29842}"
EndProject
Project("{2150E333-8FDC-42A3-9474-1A3956D46DE8}") = "infrastructure", "infrastructure", "{00DB3613-426A-43E4-9A39-DCF4B7CD47ED}"
EndProject
Project("{2150E333-8FDC-42A3-9474-1A3956D46DE8}") = "catalog ", "catalog ", "{27DA17C7-3B35-4A63-A0BF-35998823C5C6}"
EndProject
Project("{2150E333-8FDC-42A3-9474-1A3956D46DE8}") = "Solution Items", "Solution Items", "{92F876ED-BBF9-41CB-AB13-D71C2C134109}"
	ProjectSection(SolutionItems) = preProject
		docker-compose.yml = docker-compose.yml
	EndProjectSection
EndProject
Project("{2150E333-8FDC-42A3-9474-1A3956D46DE8}") = "basket", "basket", "{E801EA7E-F22B-472C-8819-F467B071AD1B}"
EndProject
Project("{2150E333-8FDC-42A3-9474-1A3956D46DE8}") = "discount", "discount", "{A089ED94-26FF-4E59-A3BC-DFE73972F91A}"
EndProject
Project("{2150E333-8FDC-42A3-9474-1A3956D46DE8}") = "ordering", "ordering", "{3D024D06-70B7-4598-8A69-8E6AA1C5CE09}"
EndProject
Project("{FAE04EC0-301F-11D3-BF4B-00C04F79EFBC}") = "Basket.API", "services\basket\Basket.API\Basket.API.csproj", "{5F88449B-1F52-4800-A282-8BD764BE2187}"
EndProject
Project("{FAE04EC0-301F-11D3-BF4B-00C04F79EFBC}") = "Basket.Application", "services\basket\Basket.Application\Basket.Application.csproj", "{9380D346-87BD-4ABC-9A6F-1BBEA601C38E}"
EndProject
Project("{FAE04EC0-301F-11D3-BF4B-00C04F79EFBC}") = "Basket.Domain", "services\basket\Basket.Domain\Basket.Domain.csproj", "{D6CF08A6-75AC-419B-91A3-A3DFB99D3FA8}"
EndProject
Project("{FAE04EC0-301F-11D3-BF4B-00C04F79EFBC}") = "Basket.Infrastructure", "services\basket\Basket.Infrastructure\Basket.Infrastructure.csproj", "{A61A2E42-4B7C-4E18-AF6D-B49E5FD61CBA}"
EndProject
Project("{FAE04EC0-301F-11D3-BF4B-00C04F79EFBC}") = "Catalog.API", "services\catalog\Catalog.API\Catalog.API.csproj", "{9D8E1257-2006-49D8-94F4-B93B25CB8848}"
EndProject
Project("{FAE04EC0-301F-11D3-BF4B-00C04F79EFBC}") = "Catalog.Application", "services\catalog\Catalog.Application\Catalog.Application.csproj", "{92E7AC60-ADC3-412B-80D6-B87E1BF4200E}"
EndProject
Project("{FAE04EC0-301F-11D3-BF4B-00C04F79EFBC}") = "Catalog.Domain", "services\catalog\Catalog.Domain\Catalog.Domain.csproj", "{E6DAA460-AF5E-4F85-8C45-A213A5ED48DC}"
EndProject
Project("{FAE04EC0-301F-11D3-BF4B-00C04F79EFBC}") = "Catalog.Infrastructure", "services\catalog\Catalog.Infrastructure\Catalog.Infrastructure.csproj", "{44F3C400-4986-4488-A913-37D78CA49BB2}"
EndProject
Project("{FAE04EC0-301F-11D3-BF4B-00C04F79EFBC}") = "Discount.GRPC", "services\discount\Discount.GRPC\Discount.GRPC.csproj", "{1C019C3D-147D-4675-BBF5-45FEFA5B044F}"
EndProject
Project("{FAE04EC0-301F-11D3-BF4B-00C04F79EFBC}") = "Ordering.API", "services\ordering\Ordering.API\Ordering.API.csproj", "{75608442-11F1-4519-9B7C-AF685B386D0A}"
EndProject
Project("{FAE04EC0-301F-11D3-BF4B-00C04F79EFBC}") = "Ordering.Application", "services\ordering\Ordering.Application\Ordering.Application.csproj", "{7845EE14-9A3F-4837-99C4-743D7F349F2D}"
EndProject
Project("{FAE04EC0-301F-11D3-BF4B-00C04F79EFBC}") = "Ordering.Domain", "services\ordering\Ordering.Domain\Ordering.Domain.csproj", "{08DD79B2-47BE-4578-AFD4-541B9EF41386}"
EndProject
Project("{FAE04EC0-301F-11D3-BF4B-00C04F79EFBC}") = "Ordering.Infrastructure", "services\ordering\Ordering.Infrastructure\Ordering.Infrastructure.csproj", "{8A6A1D86-204F-4AA9-83E6-3CF7C0442A2F}"
EndProject
Global
	GlobalSection(SolutionConfigurationPlatforms) = preSolution
		Debug|Any CPU = Debug|Any CPU
		Release|Any CPU = Release|Any CPU
	EndGlobalSection
	GlobalSection(NestedProjects) = preSolution
		{27DA17C7-3B35-4A63-A0BF-35998823C5C6} = {99CD65F8-A060-4E0A-AE33-34B3A7A29842}
		{E801EA7E-F22B-472C-8819-F467B071AD1B} = {99CD65F8-A060-4E0A-AE33-34B3A7A29842}
		{A089ED94-26FF-4E59-A3BC-DFE73972F91A} = {99CD65F8-A060-4E0A-AE33-34B3A7A29842}
		{3D024D06-70B7-4598-8A69-8E6AA1C5CE09} = {99CD65F8-A060-4E0A-AE33-34B3A7A29842}
		{5F88449B-1F52-4800-A282-8BD764BE2187} = {E801EA7E-F22B-472C-8819-F467B071AD1B}
		{9380D346-87BD-4ABC-9A6F-1BBEA601C38E} = {E801EA7E-F22B-472C-8819-F467B071AD1B}
		{D6CF08A6-75AC-419B-91A3-A3DFB99D3FA8} = {E801EA7E-F22B-472C-8819-F467B071AD1B}
		{A61A2E42-4B7C-4E18-AF6D-B49E5FD61CBA} = {E801EA7E-F22B-472C-8819-F467B071AD1B}
		{9D8E1257-2006-49D8-94F4-B93B25CB8848} = {27DA17C7-3B35-4A63-A0BF-35998823C5C6}
		{92E7AC60-ADC3-412B-80D6-B87E1BF4200E} = {27DA17C7-3B35-4A63-A0BF-35998823C5C6}
		{E6DAA460-AF5E-4F85-8C45-A213A5ED48DC} = {27DA17C7-3B35-4A63-A0BF-35998823C5C6}
		{44F3C400-4986-4488-A913-37D78CA49BB2} = {27DA17C7-3B35-4A63-A0BF-35998823C5C6}
		{1C019C3D-147D-4675-BBF5-45FEFA5B044F} = {A089ED94-26FF-4E59-A3BC-DFE73972F91A}
		{75608442-11F1-4519-9B7C-AF685B386D0A} = {3D024D06-70B7-4598-8A69-8E6AA1C5CE09}
		{7845EE14-9A3F-4837-99C4-743D7F349F2D} = {3D024D06-70B7-4598-8A69-8E6AA1C5CE09}
		{08DD79B2-47BE-4578-AFD4-541B9EF41386} = {3D024D06-70B7-4598-8A69-8E6AA1C5CE09}
		{8A6A1D86-204F-4AA9-83E6-3CF7C0442A2F} = {3D024D06-70B7-4598-8A69-8E6AA1C5CE09}
	EndGlobalSection
	GlobalSection(ProjectConfigurationPlatforms) = postSolution
		{5F88449B-1F52-4800-A282-8BD764BE2187}.Debug|Any CPU.ActiveCfg = Debug|Any CPU
		{5F88449B-1F52-4800-A282-8BD764BE2187}.Debug|Any CPU.Build.0 = Debug|Any CPU
		{5F88449B-1F52-4800-A282-8BD764BE2187}.Release|Any CPU.ActiveCfg = Release|Any CPU
		{5F88449B-1F52-4800-A282-8BD764BE2187}.Release|Any CPU.Build.0 = Release|Any CPU
		{9380D346-87BD-4ABC-9A6F-1BBEA601C38E}.Debug|Any CPU.ActiveCfg = Debug|Any CPU
		{9380D346-87BD-4ABC-9A6F-1BBEA601C38E}.Debug|Any CPU.Build.0 = Debug|Any CPU
		{9380D346-87BD-4ABC-9A6F-1BBEA601C38E}.Release|Any CPU.ActiveCfg = Release|Any CPU
		{9380D346-87BD-4ABC-9A6F-1BBEA601C38E}.Release|Any CPU.Build.0 = Release|Any CPU
		{D6CF08A6-75AC-419B-91A3-A3DFB99D3FA8}.Debug|Any CPU.ActiveCfg = Debug|Any CPU
		{D6CF08A6-75AC-419B-91A3-A3DFB99D3FA8}.Debug|Any CPU.Build.0 = Debug|Any CPU
		{D6CF08A6-75AC-419B-91A3-A3DFB99D3FA8}.Release|Any CPU.ActiveCfg = Release|Any CPU
		{D6CF08A6-75AC-419B-91A3-A3DFB99D3FA8}.Release|Any CPU.Build.0 = Release|Any CPU
		{A61A2E42-4B7C-4E18-AF6D-B49E5FD61CBA}.Debug|Any CPU.ActiveCfg = Debug|Any CPU
		{A61A2E42-4B7C-4E18-AF6D-B49E5FD61CBA}.Debug|Any CPU.Build.0 = Debug|Any CPU
		{A61A2E42-4B7C-4E18-AF6D-B49E5FD61CBA}.Release|Any CPU.ActiveCfg = Release|Any CPU
		{A61A2E42-4B7C-4E18-AF6D-B49E5FD61CBA}.Release|Any CPU.Build.0 = Release|Any CPU
		{9D8E1257-2006-49D8-94F4-B93B25CB8848}.Debug|Any CPU.ActiveCfg = Debug|Any CPU
		{9D8E1257-2006-49D8-94F4-B93B25CB8848}.Debug|Any CPU.Build.0 = Debug|Any CPU
		{9D8E1257-2006-49D8-94F4-B93B25CB8848}.Release|Any CPU.ActiveCfg = Release|Any CPU
		{9D8E1257-2006-49D8-94F4-B93B25CB8848}.Release|Any CPU.Build.0 = Release|Any CPU
		{92E7AC60-ADC3-412B-80D6-B87E1BF4200E}.Debug|Any CPU.ActiveCfg = Debug|Any CPU
		{92E7AC60-ADC3-412B-80D6-B87E1BF4200E}.Debug|Any CPU.Build.0 = Debug|Any CPU
		{92E7AC60-ADC3-412B-80D6-B87E1BF4200E}.Release|Any CPU.ActiveCfg = Release|Any CPU
		{92E7AC60-ADC3-412B-80D6-B87E1BF4200E}.Release|Any CPU.Build.0 = Release|Any CPU
		{E6DAA460-AF5E-4F85-8C45-A213A5ED48DC}.Debug|Any CPU.ActiveCfg = Debug|Any CPU
		{E6DAA460-AF5E-4F85-8C45-A213A5ED48DC}.Debug|Any CPU.Build.0 = Debug|Any CPU
		{E6DAA460-AF5E-4F85-8C45-A213A5ED48DC}.Release|Any CPU.ActiveCfg = Release|Any CPU
		{E6DAA460-AF5E-4F85-8C45-A213A5ED48DC}.Release|Any CPU.Build.0 = Release|Any CPU
		{44F3C400-4986-4488-A913-37D78CA49BB2}.Debug|Any CPU.ActiveCfg = Debug|Any CPU
		{44F3C400-4986-4488-A913-37D78CA49BB2}.Debug|Any CPU.Build.0 = Debug|Any CPU
		{44F3C400-4986-4488-A913-37D78CA49BB2}.Release|Any CPU.ActiveCfg = Release|Any CPU
		{44F3C400-4986-4488-A913-37D78CA49BB2}.Release|Any CPU.Build.0 = Release|Any CPU
		{1C019C3D-147D-4675-BBF5-45FEFA5B044F}.Debug|Any CPU.ActiveCfg = Debug|Any CPU
		{1C019C3D-147D-4675-BBF5-45FEFA5B044F}.Debug|Any CPU.Build.0 = Debug|Any CPU
		{1C019C3D-147D-4675-BBF5-45FEFA5B044F}.Release|Any CPU.ActiveCfg = Release|Any CPU
		{1C019C3D-147D-4675-BBF5-45FEFA5B044F}.Release|Any CPU.Build.0 = Release|Any CPU
		{75608442-11F1-4519-9B7C-AF685B386D0A}.Debug|Any CPU.ActiveCfg = Debug|Any CPU
		{75608442-11F1-4519-9B7C-AF685B386D0A}.Debug|Any CPU.Build.0 = Debug|Any CPU
		{75608442-11F1-4519-9B7C-AF685B386D0A}.Release|Any CPU.ActiveCfg = Release|Any CPU
		{75608442-11F1-4519-9B7C-AF685B386D0A}.Release|Any CPU.Build.0 = Release|Any CPU
		{7845EE14-9A3F-4837-99C4-743D7F349F2D}.Debug|Any CPU.ActiveCfg = Debug|Any CPU
		{7845EE14-9A3F-4837-99C4-743D7F349F2D}.Debug|Any CPU.Build.0 = Debug|Any CPU
		{7845EE14-9A3F-4837-99C4-743D7F349F2D}.Release|Any CPU.ActiveCfg = Release|Any CPU
		{7845EE14-9A3F-4837-99C4-743D7F349F2D}.Release|Any CPU.Build.0 = Release|Any CPU
		{08DD79B2-47BE-4578-AFD4-541B9EF41386}.Debug|Any CPU.ActiveCfg = Debug|Any CPU
		{08DD79B2-47BE-4578-AFD4-541B9EF41386}.Debug|Any CPU.Build.0 = Debug|Any CPU
		{08DD79B2-47BE-4578-AFD4-541B9EF41386}.Release|Any CPU.ActiveCfg = Release|Any CPU
		{08DD79B2-47BE-4578-AFD4-541B9EF41386}.Release|Any CPU.Build.0 = Release|Any CPU
		{8A6A1D86-204F-4AA9-83E6-3CF7C0442A2F}.Debug|Any CPU.ActiveCfg = Debug|Any CPU
		{8A6A1D86-204F-4AA9-83E6-3CF7C0442A2F}.Debug|Any CPU.Build.0 = Debug|Any CPU
		{8A6A1D86-204F-4AA9-83E6-3CF7C0442A2F}.Release|Any CPU.ActiveCfg = Release|Any CPU
		{8A6A1D86-204F-4AA9-83E6-3CF7C0442A2F}.Release|Any CPU.Build.0 = Release|Any CPU
	EndGlobalSection
EndGlobal
